
Microsoft Visual Studio Solution File, Format Version 12.00
# Visual Studio 14
VisualStudioVersion = 14.0.25420.1
MinimumVisualStudioVersion = 10.0.40219.1
Project("{FAE04EC0-301F-11D3-BF4B-00C04F79EFBC}") = "Entities", "Entities\Entities.csproj", "{83E7E1E7-2692-475B-9354-7363C354BA44}"
EndProject
Project("{FAE04EC0-301F-11D3-BF4B-00C04F79EFBC}") = "DateContext", "DateContext\DateContext.csproj", "{527DEFA5-E3A0-4F47-AD2F-734B9950D417}"
EndProject
Project("{E24C65DC-7377-472B-9ABA-BC803B73C61A}") = "WEB", "..\WEB\", "{EF612D8F-B5E3-40D4-B995-A5EF6122F800}"
	ProjectSection(WebsiteProperties) = preProject
		TargetFrameworkMoniker = ".NETFramework,Version%3Dv4.5.2"
		Debug.AspNetCompiler.VirtualPath = "/localhost_2568"
		Debug.AspNetCompiler.PhysicalPath = "..\WEB\"
		Debug.AspNetCompiler.TargetPath = "PrecompiledWeb\localhost_2568\"
		Debug.AspNetCompiler.Updateable = "true"
		Debug.AspNetCompiler.ForceOverwrite = "true"
		Debug.AspNetCompiler.FixedNames = "false"
		Debug.AspNetCompiler.Debug = "True"
		Release.AspNetCompiler.VirtualPath = "/localhost_2568"
		Release.AspNetCompiler.PhysicalPath = "..\WEB\"
		Release.AspNetCompiler.TargetPath = "PrecompiledWeb\localhost_2568\"
		Release.AspNetCompiler.Updateable = "true"
		Release.AspNetCompiler.ForceOverwrite = "true"
		Release.AspNetCompiler.FixedNames = "false"
		Release.AspNetCompiler.Debug = "False"
		VWDPort = "2568"
		SlnRelativePath = "..\WEB\"
		DefaultWebSiteLanguage = "Visual C#"
	EndProjectSection
EndProject
Global
	GlobalSection(SolutionConfigurationPlatforms) = preSolution
		Debug|Any CPU = Debug|Any CPU
		Release|Any CPU = Release|Any CPU
	EndGlobalSection
	GlobalSection(ProjectConfigurationPlatforms) = postSolution
		{83E7E1E7-2692-475B-9354-7363C354BA44}.Debug|Any CPU.ActiveCfg = Debug|Any CPU
		{83E7E1E7-2692-475B-9354-7363C354BA44}.Debug|Any CPU.Build.0 = Debug|Any CPU
		{83E7E1E7-2692-475B-9354-7363C354BA44}.Release|Any CPU.ActiveCfg = Release|Any CPU
		{83E7E1E7-2692-475B-9354-7363C354BA44}.Release|Any CPU.Build.0 = Release|Any CPU
		{527DEFA5-E3A0-4F47-AD2F-734B9950D417}.Debug|Any CPU.ActiveCfg = Debug|Any CPU
		{527DEFA5-E3A0-4F47-AD2F-734B9950D417}.Debug|Any CPU.Build.0 = Debug|Any CPU
		{527DEFA5-E3A0-4F47-AD2F-734B9950D417}.Release|Any CPU.ActiveCfg = Release|Any CPU
		{527DEFA5-E3A0-4F47-AD2F-734B9950D417}.Release|Any CPU.Build.0 = Release|Any CPU
		{EF612D8F-B5E3-40D4-B995-A5EF6122F800}.Debug|Any CPU.ActiveCfg = Debug|Any CPU
		{EF612D8F-B5E3-40D4-B995-A5EF6122F800}.Debug|Any CPU.Build.0 = Debug|Any CPU
		{EF612D8F-B5E3-40D4-B995-A5EF6122F800}.Release|Any CPU.ActiveCfg = Debug|Any CPU
		{EF612D8F-B5E3-40D4-B995-A5EF6122F800}.Release|Any CPU.Build.0 = Debug|Any CPU
	EndGlobalSection
	GlobalSection(SolutionProperties) = preSolution
		HideSolutionNode = FALSE
	EndGlobalSection
EndGlobal
